
Microsoft Visual Studio Solution File, Format Version 12.00
# Visual Studio 15
VisualStudioVersion = 15.0.28307.329
MinimumVisualStudioVersion = 10.0.40219.1
Project("{FAE04EC0-301F-11D3-BF4B-00C04F79EFBC}") = "GpsTryForms.Android", "GpsTryForms\GpsTryForms.Android\GpsTryForms.Android.csproj", "{C55F3D14-4272-4E50-A1AF-14142441B01B}"
EndProject
Project("{FAE04EC0-301F-11D3-BF4B-00C04F79EFBC}") = "GpsTryForms.iOS", "GpsTryForms\GpsTryForms.iOS\GpsTryForms.iOS.csproj", "{B7C1C5AC-FAB9-4251-8FE8-21C43AD9F748}"
EndProject
Project("{FAE04EC0-301F-11D3-BF4B-00C04F79EFBC}") = "GpsTryForms", "GpsTryForms\GpsTryForms\GpsTryForms.csproj", "{DB9F7226-A836-4652-82DE-73F5C922EDDC}"
EndProject
Global
	GlobalSection(SolutionConfigurationPlatforms) = preSolution
		Ad-Hoc|Any CPU = Ad-Hoc|Any CPU
		Ad-Hoc|iPhone = Ad-Hoc|iPhone
		Ad-Hoc|iPhoneSimulator = Ad-Hoc|iPhoneSimulator
		AppStore|Any CPU = AppStore|Any CPU
		AppStore|iPhone = AppStore|iPhone
		AppStore|iPhoneSimulator = AppStore|iPhoneSimulator
		Debug|Any CPU = Debug|Any CPU
		Debug|iPhone = Debug|iPhone
		Debug|iPhoneSimulator = Debug|iPhoneSimulator
		Release|Any CPU = Release|Any CPU
		Release|iPhone = Release|iPhone
		Release|iPhoneSimulator = Release|iPhoneSimulator
	EndGlobalSection
	GlobalSection(ProjectConfigurationPlatforms) = postSolution
		{C55F3D14-4272-4E50-A1AF-14142441B01B}.Ad-Hoc|Any CPU.ActiveCfg = Release|Any CPU
		{C55F3D14-4272-4E50-A1AF-14142441B01B}.Ad-Hoc|Any CPU.Build.0 = Release|Any CPU
		{C55F3D14-4272-4E50-A1AF-14142441B01B}.Ad-Hoc|Any CPU.Deploy.0 = Release|Any CPU
		{C55F3D14-4272-4E50-A1AF-14142441B01B}.Ad-Hoc|iPhone.ActiveCfg = Release|Any CPU
		{C55F3D14-4272-4E50-A1AF-14142441B01B}.Ad-Hoc|iPhone.Build.0 = Release|Any CPU
		{C55F3D14-4272-4E50-A1AF-14142441B01B}.Ad-Hoc|iPhone.Deploy.0 = Release|Any CPU
		{C55F3D14-4272-4E50-A1AF-14142441B01B}.Ad-Hoc|iPhoneSimulator.ActiveCfg = Release|Any CPU
		{C55F3D14-4272-4E50-A1AF-14142441B01B}.Ad-Hoc|iPhoneSimulator.Build.0 = Release|Any CPU
		{C55F3D14-4272-4E50-A1AF-14142441B01B}.Ad-Hoc|iPhoneSimulator.Deploy.0 = Release|Any CPU
		{C55F3D14-4272-4E50-A1AF-14142441B01B}.AppStore|Any CPU.ActiveCfg = Release|Any CPU
		{C55F3D14-4272-4E50-A1AF-14142441B01B}.AppStore|Any CPU.Build.0 = Release|Any CPU
		{C55F3D14-4272-4E50-A1AF-14142441B01B}.AppStore|Any CPU.Deploy.0 = Release|Any CPU
		{C55F3D14-4272-4E50-A1AF-14142441B01B}.AppStore|iPhone.ActiveCfg = Release|Any CPU
		{C55F3D14-4272-4E50-A1AF-14142441B01B}.AppStore|iPhone.Build.0 = Release|Any CPU
		{C55F3D14-4272-4E50-A1AF-14142441B01B}.AppStore|iPhone.Deploy.0 = Release|Any CPU
		{C55F3D14-4272-4E50-A1AF-14142441B01B}.AppStore|iPhoneSimulator.ActiveCfg = Release|Any CPU
		{C55F3D14-4272-4E50-A1AF-14142441B01B}.AppStore|iPhoneSimulator.Build.0 = Release|Any CPU
		{C55F3D14-4272-4E50-A1AF-14142441B01B}.AppStore|iPhoneSimulator.Deploy.0 = Release|Any CPU
		{C55F3D14-4272-4E50-A1AF-14142441B01B}.Debug|Any CPU.ActiveCfg = Debug|Any CPU
		{C55F3D14-4272-4E50-A1AF-14142441B01B}.Debug|Any CPU.Build.0 = Debug|Any CPU
		{C55F3D14-4272-4E50-A1AF-14142441B01B}.Debug|Any CPU.Deploy.0 = Debug|Any CPU
		{C55F3D14-4272-4E50-A1AF-14142441B01B}.Debug|iPhone.ActiveCfg = Debug|Any CPU
		{C55F3D14-4272-4E50-A1AF-14142441B01B}.Debug|iPhone.Build.0 = Debug|Any CPU
		{C55F3D14-4272-4E50-A1AF-14142441B01B}.Debug|iPhone.Deploy.0 = Debug|Any CPU
		{C55F3D14-4272-4E50-A1AF-14142441B01B}.Debug|iPhoneSimulator.ActiveCfg = Debug|Any CPU
		{C55F3D14-4272-4E50-A1AF-14142441B01B}.Debug|iPhoneSimulator.Build.0 = Debug|Any CPU
		{C55F3D14-4272-4E50-A1AF-14142441B01B}.Debug|iPhoneSimulator.Deploy.0 = Debug|Any CPU
		{C55F3D14-4272-4E50-A1AF-14142441B01B}.Release|Any CPU.ActiveCfg = Release|Any CPU
		{C55F3D14-4272-4E50-A1AF-14142441B01B}.Release|Any CPU.Build.0 = Release|Any CPU
		{C55F3D14-4272-4E50-A1AF-14142441B01B}.Release|Any CPU.Deploy.0 = Release|Any CPU
		{C55F3D14-4272-4E50-A1AF-14142441B01B}.Release|iPhone.ActiveCfg = Release|Any CPU
		{C55F3D14-4272-4E50-A1AF-14142441B01B}.Release|iPhone.Build.0 = Release|Any CPU
		{C55F3D14-4272-4E50-A1AF-14142441B01B}.Release|iPhone.Deploy.0 = Release|Any CPU
		{C55F3D14-4272-4E50-A1AF-14142441B01B}.Release|iPhoneSimulator.ActiveCfg = Release|Any CPU
		{C55F3D14-4272-4E50-A1AF-14142441B01B}.Release|iPhoneSimulator.Build.0 = Release|Any CPU
		{C55F3D14-4272-4E50-A1AF-14142441B01B}.Release|iPhoneSimulator.Deploy.0 = Release|Any CPU
		{B7C1C5AC-FAB9-4251-8FE8-21C43AD9F748}.Ad-Hoc|Any CPU.ActiveCfg = Ad-Hoc|iPhone
		{B7C1C5AC-FAB9-4251-8FE8-21C43AD9F748}.Ad-Hoc|Any CPU.Build.0 = Ad-Hoc|iPhone
		{B7C1C5AC-FAB9-4251-8FE8-21C43AD9F748}.Ad-Hoc|Any CPU.Deploy.0 = Ad-Hoc|iPhone
		{B7C1C5AC-FAB9-4251-8FE8-21C43AD9F748}.Ad-Hoc|iPhone.ActiveCfg = Ad-Hoc|iPhone
		{B7C1C5AC-FAB9-4251-8FE8-21C43AD9F748}.Ad-Hoc|iPhone.Build.0 = Ad-Hoc|iPhone
		{B7C1C5AC-FAB9-4251-8FE8-21C43AD9F748}.Ad-Hoc|iPhone.Deploy.0 = Ad-Hoc|iPhone
		{B7C1C5AC-FAB9-4251-8FE8-21C43AD9F748}.Ad-Hoc|iPhoneSimulator.ActiveCfg = Ad-Hoc|iPhoneSimulator
		{B7C1C5AC-FAB9-4251-8FE8-21C43AD9F748}.Ad-Hoc|iPhoneSimulator.Build.0 = Ad-Hoc|iPhoneSimulator
		{B7C1C5AC-FAB9-4251-8FE8-21C43AD9F748}.Ad-Hoc|iPhoneSimulator.Deploy.0 = Ad-Hoc|iPhoneSimulator
		{B7C1C5AC-FAB9-4251-8FE8-21C43AD9F748}.AppStore|Any CPU.ActiveCfg = AppStore|iPhone
		{B7C1C5AC-FAB9-4251-8FE8-21C43AD9F748}.AppStore|Any CPU.Build.0 = AppStore|iPhone
		{B7C1C5AC-FAB9-4251-8FE8-21C43AD9F748}.AppStore|Any CPU.Deploy.0 = AppStore|iPhone
		{B7C1C5AC-FAB9-4251-8FE8-21C43AD9F748}.AppStore|iPhone.ActiveCfg = AppStore|iPhone
		{B7C1C5AC-FAB9-4251-8FE8-21C43AD9F748}.AppStore|iPhone.Build.0 = AppStore|iPhone
		{B7C1C5AC-FAB9-4251-8FE8-21C43AD9F748}.AppStore|iPhone.Deploy.0 = AppStore|iPhone
		{B7C1C5AC-FAB9-4251-8FE8-21C43AD9F748}.AppStore|iPhoneSimulator.ActiveCfg = AppStore|iPhoneSimulator
		{B7C1C5AC-FAB9-4251-8FE8-21C43AD9F748}.AppStore|iPhoneSimulator.Build.0 = AppStore|iPhoneSimulator
		{B7C1C5AC-FAB9-4251-8FE8-21C43AD9F748}.AppStore|iPhoneSimulator.Deploy.0 = AppStore|iPhoneSimulator
		{B7C1C5AC-FAB9-4251-8FE8-21C43AD9F748}.Debug|Any CPU.ActiveCfg = Debug|iPhoneSimulator
		{B7C1C5AC-FAB9-4251-8FE8-21C43AD9F748}.Debug|Any CPU.Build.0 = Debug|iPhoneSimulator
		{B7C1C5AC-FAB9-4251-8FE8-21C43AD9F748}.Debug|Any CPU.Deploy.0 = Debug|iPhoneSimulator
		{B7C1C5AC-FAB9-4251-8FE8-21C43AD9F748}.Debug|iPhone.ActiveCfg = Debug|iPhone
		{B7C1C5AC-FAB9-4251-8FE8-21C43AD9F748}.Debug|iPhone.Build.0 = Debug|iPhone
		{B7C1C5AC-FAB9-4251-8FE8-21C43AD9F748}.Debug|iPhone.Deploy.0 = Debug|iPhone
		{B7C1C5AC-FAB9-4251-8FE8-21C43AD9F748}.Debug|iPhoneSimulator.ActiveCfg = Debug|iPhoneSimulator
		{B7C1C5AC-FAB9-4251-8FE8-21C43AD9F748}.Debug|iPhoneSimulator.Build.0 = Debug|iPhoneSimulator
		{B7C1C5AC-FAB9-4251-8FE8-21C43AD9F748}.Debug|iPhoneSimulator.Deploy.0 = Debug|iPhoneSimulator
		{B7C1C5AC-FAB9-4251-8FE8-21C43AD9F748}.Release|Any CPU.ActiveCfg = Release|iPhone
		{B7C1C5AC-FAB9-4251-8FE8-21C43AD9F748}.Release|Any CPU.Build.0 = Release|iPhone
		{B7C1C5AC-FAB9-4251-8FE8-21C43AD9F748}.Release|Any CPU.Deploy.0 = Release|iPhone
		{B7C1C5AC-FAB9-4251-8FE8-21C43AD9F748}.Release|iPhone.ActiveCfg = Release|iPhone
		{B7C1C5AC-FAB9-4251-8FE8-21C43AD9F748}.Release|iPhone.Build.0 = Release|iPhone
		{B7C1C5AC-FAB9-4251-8FE8-21C43AD9F748}.Release|iPhone.Deploy.0 = Release|iPhone
		{B7C1C5AC-FAB9-4251-8FE8-21C43AD9F748}.Release|iPhoneSimulator.ActiveCfg = Release|iPhoneSimulator
		{B7C1C5AC-FAB9-4251-8FE8-21C43AD9F748}.Release|iPhoneSimulator.Build.0 = Release|iPhoneSimulator
		{B7C1C5AC-FAB9-4251-8FE8-21C43AD9F748}.Release|iPhoneSimulator.Deploy.0 = Release|iPhoneSimulator
		{DB9F7226-A836-4652-82DE-73F5C922EDDC}.Ad-Hoc|Any CPU.ActiveCfg = Debug|Any CPU
		{DB9F7226-A836-4652-82DE-73F5C922EDDC}.Ad-Hoc|Any CPU.Build.0 = Debug|Any CPU
		{DB9F7226-A836-4652-82DE-73F5C922EDDC}.Ad-Hoc|Any CPU.Deploy.0 = Debug|Any CPU
		{DB9F7226-A836-4652-82DE-73F5C922EDDC}.Ad-Hoc|iPhone.ActiveCfg = Debug|Any CPU
		{DB9F7226-A836-4652-82DE-73F5C922EDDC}.Ad-Hoc|iPhone.Build.0 = Debug|Any CPU
		{DB9F7226-A836-4652-82DE-73F5C922EDDC}.Ad-Hoc|iPhone.Deploy.0 = Debug|Any CPU
		{DB9F7226-A836-4652-82DE-73F5C922EDDC}.Ad-Hoc|iPhoneSimulator.ActiveCfg = Debug|Any CPU
		{DB9F7226-A836-4652-82DE-73F5C922EDDC}.Ad-Hoc|iPhoneSimulator.Build.0 = Debug|Any CPU
		{DB9F7226-A836-4652-82DE-73F5C922EDDC}.Ad-Hoc|iPhoneSimulator.Deploy.0 = Debug|Any CPU
		{DB9F7226-A836-4652-82DE-73F5C922EDDC}.AppStore|Any CPU.ActiveCfg = Debug|Any CPU
		{DB9F7226-A836-4652-82DE-73F5C922EDDC}.AppStore|Any CPU.Build.0 = Debug|Any CPU
		{DB9F7226-A836-4652-82DE-73F5C922EDDC}.AppStore|Any CPU.Deploy.0 = Debug|Any CPU
		{DB9F7226-A836-4652-82DE-73F5C922EDDC}.AppStore|iPhone.ActiveCfg = Debug|Any CPU
		{DB9F7226-A836-4652-82DE-73F5C922EDDC}.AppStore|iPhone.Build.0 = Debug|Any CPU
		{DB9F7226-A836-4652-82DE-73F5C922EDDC}.AppStore|iPhone.Deploy.0 = Debug|Any CPU
		{DB9F7226-A836-4652-82DE-73F5C922EDDC}.AppStore|iPhoneSimulator.ActiveCfg = Debug|Any CPU
		{DB9F7226-A836-4652-82DE-73F5C922EDDC}.AppStore|iPhoneSimulator.Build.0 = Debug|Any CPU
		{DB9F7226-A836-4652-82DE-73F5C922EDDC}.AppStore|iPhoneSimulator.Deploy.0 = Debug|Any CPU
		{DB9F7226-A836-4652-82DE-73F5C922EDDC}.Debug|Any CPU.ActiveCfg = Debug|Any CPU
		{DB9F7226-A836-4652-82DE-73F5C922EDDC}.Debug|Any CPU.Build.0 = Debug|Any CPU
		{DB9F7226-A836-4652-82DE-73F5C922EDDC}.Debug|Any CPU.Deploy.0 = Debug|Any CPU
		{DB9F7226-A836-4652-82DE-73F5C922EDDC}.Debug|iPhone.ActiveCfg = Debug|Any CPU
		{DB9F7226-A836-4652-82DE-73F5C922EDDC}.Debug|iPhone.Build.0 = Debug|Any CPU
		{DB9F7226-A836-4652-82DE-73F5C922EDDC}.Debug|iPhone.Deploy.0 = Debug|Any CPU
		{DB9F7226-A836-4652-82DE-73F5C922EDDC}.Debug|iPhoneSimulator.ActiveCfg = Debug|Any CPU
		{DB9F7226-A836-4652-82DE-73F5C922EDDC}.Debug|iPhoneSimulator.Build.0 = Debug|Any CPU
		{DB9F7226-A836-4652-82DE-73F5C922EDDC}.Debug|iPhoneSimulator.Deploy.0 = Debug|Any CPU
		{DB9F7226-A836-4652-82DE-73F5C922EDDC}.Release|Any CPU.ActiveCfg = Release|Any CPU
		{DB9F7226-A836-4652-82DE-73F5C922EDDC}.Release|Any CPU.Build.0 = Release|Any CPU
		{DB9F7226-A836-4652-82DE-73F5C922EDDC}.Release|Any CPU.Deploy.0 = Release|Any CPU
		{DB9F7226-A836-4652-82DE-73F5C922EDDC}.Release|iPhone.ActiveCfg = Release|Any CPU
		{DB9F7226-A836-4652-82DE-73F5C922EDDC}.Release|iPhone.Build.0 = Release|Any CPU
		{DB9F7226-A836-4652-82DE-73F5C922EDDC}.Release|iPhone.Deploy.0 = Release|Any CPU
		{DB9F7226-A836-4652-82DE-73F5C922EDDC}.Release|iPhoneSimulator.ActiveCfg = Release|Any CPU
		{DB9F7226-A836-4652-82DE-73F5C922EDDC}.Release|iPhoneSimulator.Build.0 = Release|Any CPU
		{DB9F7226-A836-4652-82DE-73F5C922EDDC}.Release|iPhoneSimulator.Deploy.0 = Release|Any CPU
	EndGlobalSection
	GlobalSection(SolutionProperties) = preSolution
		HideSolutionNode = FALSE
	EndGlobalSection
	GlobalSection(ExtensibilityGlobals) = postSolution
		SolutionGuid = {49A8C050-0E05-4088-A561-97D7FE11095D}
	EndGlobalSection
EndGlobal
